// !$*UTF8*$!
{
	archiveVersion = 1;
	classes = {
	};
	objectVersion = 56;
	objects = {

/* Begin PBXBuildFile section */
		80650ED62B318C1700B09E3B /* RickAndMortyModel.swift in Sources */ = {isa = PBXBuildFile; fileRef = 80650ED52B318C1700B09E3B /* RickAndMortyModel.swift */; };
		80650ED92B31952500B09E3B /* SDWebImageSwiftUI in Frameworks */ = {isa = PBXBuildFile; productRef = 80650ED82B31952500B09E3B /* SDWebImageSwiftUI */; };
		808784BB2B316F9000A78D17 /* RickAndMortyCleanArchMVVMApp.swift in Sources */ = {isa = PBXBuildFile; fileRef = 808784BA2B316F9000A78D17 /* RickAndMortyCleanArchMVVMApp.swift */; };
		808784BD2B316F9000A78D17 /* ContentView.swift in Sources */ = {isa = PBXBuildFile; fileRef = 808784BC2B316F9000A78D17 /* ContentView.swift */; };
		808784BF2B316F9100A78D17 /* Assets.xcassets in Resources */ = {isa = PBXBuildFile; fileRef = 808784BE2B316F9100A78D17 /* Assets.xcassets */; };
		808784C22B316F9100A78D17 /* Preview Assets.xcassets in Resources */ = {isa = PBXBuildFile; fileRef = 808784C12B316F9100A78D17 /* Preview Assets.xcassets */; };
		808784CD2B31700200A78D17 /* RickAndMortyAPIDatasource.swift in Sources */ = {isa = PBXBuildFile; fileRef = 808784CC2B31700200A78D17 /* RickAndMortyAPIDatasource.swift */; };
		808784D12B31705400A78D17 /* RickAndMortyResponseModel.swift in Sources */ = {isa = PBXBuildFile; fileRef = 808784D02B31705400A78D17 /* RickAndMortyResponseModel.swift */; };
		808784D32B3170F500A78D17 /* RickAndMortyDataSource.swift in Sources */ = {isa = PBXBuildFile; fileRef = 808784D22B3170F500A78D17 /* RickAndMortyDataSource.swift */; };
		808784D52B31712300A78D17 /* RickAndMortyAPIRepository.swift in Sources */ = {isa = PBXBuildFile; fileRef = 808784D42B31712300A78D17 /* RickAndMortyAPIRepository.swift */; };
		808784D72B3171AD00A78D17 /* RickAndMortyRepository.swift in Sources */ = {isa = PBXBuildFile; fileRef = 808784D62B3171AD00A78D17 /* RickAndMortyRepository.swift */; };
		808784D92B3171C400A78D17 /* RickAndMortyUsecase.swift in Sources */ = {isa = PBXBuildFile; fileRef = 808784D82B3171C400A78D17 /* RickAndMortyUsecase.swift */; };
		808784DB2B31721500A78D17 /* ListViewModel.swift in Sources */ = {isa = PBXBuildFile; fileRef = 808784DA2B31721500A78D17 /* ListViewModel.swift */; };
/* End PBXBuildFile section */

/* Begin PBXFileReference section */
		80650ED52B318C1700B09E3B /* RickAndMortyModel.swift */ = {isa = PBXFileReference; lastKnownFileType = sourcecode.swift; path = RickAndMortyModel.swift; sourceTree = "<group>"; };
		808784B72B316F9000A78D17 /* RickAndMortyCleanArchMVVM.app */ = {isa = PBXFileReference; explicitFileType = wrapper.application; includeInIndex = 0; path = RickAndMortyCleanArchMVVM.app; sourceTree = BUILT_PRODUCTS_DIR; };
		808784BA2B316F9000A78D17 /* RickAndMortyCleanArchMVVMApp.swift */ = {isa = PBXFileReference; lastKnownFileType = sourcecode.swift; path = RickAndMortyCleanArchMVVMApp.swift; sourceTree = "<group>"; };
		808784BC2B316F9000A78D17 /* ContentView.swift */ = {isa = PBXFileReference; lastKnownFileType = sourcecode.swift; path = ContentView.swift; sourceTree = "<group>"; };
		808784BE2B316F9100A78D17 /* Assets.xcassets */ = {isa = PBXFileReference; lastKnownFileType = folder.assetcatalog; path = Assets.xcassets; sourceTree = "<group>"; };
		808784C12B316F9100A78D17 /* Preview Assets.xcassets */ = {isa = PBXFileReference; lastKnownFileType = folder.assetcatalog; path = "Preview Assets.xcassets"; sourceTree = "<group>"; };
		808784CC2B31700200A78D17 /* RickAndMortyAPIDatasource.swift */ = {isa = PBXFileReference; lastKnownFileType = sourcecode.swift; path = RickAndMortyAPIDatasource.swift; sourceTree = "<group>"; };
		808784D02B31705400A78D17 /* RickAndMortyResponseModel.swift */ = {isa = PBXFileReference; lastKnownFileType = sourcecode.swift; path = RickAndMortyResponseModel.swift; sourceTree = "<group>"; };
		808784D22B3170F500A78D17 /* RickAndMortyDataSource.swift */ = {isa = PBXFileReference; lastKnownFileType = sourcecode.swift; path = RickAndMortyDataSource.swift; sourceTree = "<group>"; };
		808784D42B31712300A78D17 /* RickAndMortyAPIRepository.swift */ = {isa = PBXFileReference; lastKnownFileType = sourcecode.swift; path = RickAndMortyAPIRepository.swift; sourceTree = "<group>"; };
		808784D62B3171AD00A78D17 /* RickAndMortyRepository.swift */ = {isa = PBXFileReference; lastKnownFileType = sourcecode.swift; path = RickAndMortyRepository.swift; sourceTree = "<group>"; };
		808784D82B3171C400A78D17 /* RickAndMortyUsecase.swift */ = {isa = PBXFileReference; lastKnownFileType = sourcecode.swift; path = RickAndMortyUsecase.swift; sourceTree = "<group>"; };
		808784DA2B31721500A78D17 /* ListViewModel.swift */ = {isa = PBXFileReference; lastKnownFileType = sourcecode.swift; path = ListViewModel.swift; sourceTree = "<group>"; };
/* End PBXFileReference section */

/* Begin PBXFrameworksBuildPhase section */
		808784B42B316F9000A78D17 /* Frameworks */ = {
			isa = PBXFrameworksBuildPhase;
			buildActionMask = 2147483647;
			files = (
				80650ED92B31952500B09E3B /* SDWebImageSwiftUI in Frameworks */,
			);
			runOnlyForDeploymentPostprocessing = 0;
		};
/* End PBXFrameworksBuildPhase section */

/* Begin PBXGroup section */
		80650ED32B31772200B09E3B /* Model */ = {
			isa = PBXGroup;
			children = (
				808784D02B31705400A78D17 /* RickAndMortyResponseModel.swift */,
			);
			path = Model;
			sourceTree = "<group>";
		};
		80650ED42B31772900B09E3B /* Model */ = {
			isa = PBXGroup;
			children = (
				80650ED52B318C1700B09E3B /* RickAndMortyModel.swift */,
			);
			path = Model;
			sourceTree = "<group>";
		};
		808784AE2B316F9000A78D17 = {
			isa = PBXGroup;
			children = (
				808784B92B316F9000A78D17 /* RickAndMortyCleanArchMVVM */,
				808784B82B316F9000A78D17 /* Products */,
			);
			sourceTree = "<group>";
		};
		808784B82B316F9000A78D17 /* Products */ = {
			isa = PBXGroup;
			children = (
				808784B72B316F9000A78D17 /* RickAndMortyCleanArchMVVM.app */,
			);
			name = Products;
			sourceTree = "<group>";
		};
		808784B92B316F9000A78D17 /* RickAndMortyCleanArchMVVM */ = {
			isa = PBXGroup;
			children = (
				808784CB2B316FB500A78D17 /* View */,
				808784CA2B316FB000A78D17 /* Domain */,
				808784C82B316F9600A78D17 /* Data */,
				808784BA2B316F9000A78D17 /* RickAndMortyCleanArchMVVMApp.swift */,
				808784BE2B316F9100A78D17 /* Assets.xcassets */,
				808784C02B316F9100A78D17 /* Preview Content */,
			);
			path = RickAndMortyCleanArchMVVM;
			sourceTree = "<group>";
		};
		808784C02B316F9100A78D17 /* Preview Content */ = {
			isa = PBXGroup;
			children = (
				808784C12B316F9100A78D17 /* Preview Assets.xcassets */,
			);
			path = "Preview Content";
			sourceTree = "<group>";
		};
		808784C82B316F9600A78D17 /* Data */ = {
			isa = PBXGroup;
			children = (
				80650ED32B31772200B09E3B /* Model */,
				808784CC2B31700200A78D17 /* RickAndMortyAPIDatasource.swift */,
				808784D22B3170F500A78D17 /* RickAndMortyDataSource.swift */,
				808784D42B31712300A78D17 /* RickAndMortyAPIRepository.swift */,
			);
			path = Data;
			sourceTree = "<group>";
		};
		808784CA2B316FB000A78D17 /* Domain */ = {
			isa = PBXGroup;
			children = (
				80650ED42B31772900B09E3B /* Model */,
				808784D62B3171AD00A78D17 /* RickAndMortyRepository.swift */,
				808784D82B3171C400A78D17 /* RickAndMortyUsecase.swift */,
			);
			path = Domain;
			sourceTree = "<group>";
		};
		808784CB2B316FB500A78D17 /* View */ = {
			isa = PBXGroup;
			children = (
				808784BC2B316F9000A78D17 /* ContentView.swift */,
				808784DA2B31721500A78D17 /* ListViewModel.swift */,
			);
			path = View;
			sourceTree = "<group>";
		};
/* End PBXGroup section */

/* Begin PBXNativeTarget section */
		808784B62B316F9000A78D17 /* RickAndMortyCleanArchMVVM */ = {
			isa = PBXNativeTarget;
			buildConfigurationList = 808784C52B316F9100A78D17 /* Build configuration list for PBXNativeTarget "RickAndMortyCleanArchMVVM" */;
			buildPhases = (
				808784B32B316F9000A78D17 /* Sources */,
				808784B42B316F9000A78D17 /* Frameworks */,
				808784B52B316F9000A78D17 /* Resources */,
			);
			buildRules = (
			);
			dependencies = (
			);
			name = RickAndMortyCleanArchMVVM;
			packageProductDependencies = (
				80650ED82B31952500B09E3B /* SDWebImageSwiftUI */,
			);
			productName = RickAndMortyCleanArchMVVM;
			productReference = 808784B72B316F9000A78D17 /* RickAndMortyCleanArchMVVM.app */;
			productType = "com.apple.product-type.application";
		};
/* End PBXNativeTarget section */

/* Begin PBXProject section */
		808784AF2B316F9000A78D17 /* Project object */ = {
			isa = PBXProject;
			attributes = {
				BuildIndependentTargetsInParallel = 1;
				LastSwiftUpdateCheck = 1500;
				LastUpgradeCheck = 1500;
				TargetAttributes = {
					808784B62B316F9000A78D17 = {
						CreatedOnToolsVersion = 15.0.1;
					};
				};
			};
			buildConfigurationList = 808784B22B316F9000A78D17 /* Build configuration list for PBXProject "RickAndMortyCleanArchMVVM" */;
			compatibilityVersion = "Xcode 14.0";
			developmentRegion = en;
			hasScannedForEncodings = 0;
			knownRegions = (
				en,
				Base,
			);
			mainGroup = 808784AE2B316F9000A78D17;
			packageReferences = (
				80650ED72B31952500B09E3B /* XCRemoteSwiftPackageReference "SDWebImageSwiftUI" */,
			);
			productRefGroup = 808784B82B316F9000A78D17 /* Products */;
			projectDirPath = "";
			projectRoot = "";
			targets = (
				808784B62B316F9000A78D17 /* RickAndMortyCleanArchMVVM */,
			);
		};
/* End PBXProject section */

/* Begin PBXResourcesBuildPhase section */
		808784B52B316F9000A78D17 /* Resources */ = {
			isa = PBXResourcesBuildPhase;
			buildActionMask = 2147483647;
			files = (
				808784C22B316F9100A78D17 /* Preview Assets.xcassets in Resources */,
				808784BF2B316F9100A78D17 /* Assets.xcassets in Resources */,
			);
			runOnlyForDeploymentPostprocessing = 0;
		};
/* End PBXResourcesBuildPhase section */

/* Begin PBXSourcesBuildPhase section */
		808784B32B316F9000A78D17 /* Sources */ = {
			isa = PBXSourcesBuildPhase;
			buildActionMask = 2147483647;
			files = (
				80650ED62B318C1700B09E3B /* RickAndMortyModel.swift in Sources */,
				808784DB2B31721500A78D17 /* ListViewModel.swift in Sources */,
				808784D12B31705400A78D17 /* RickAndMortyResponseModel.swift in Sources */,
				808784BD2B316F9000A78D17 /* ContentView.swift in Sources */,
				808784CD2B31700200A78D17 /* RickAndMortyAPIDatasource.swift in Sources */,
				808784BB2B316F9000A78D17 /* RickAndMortyCleanArchMVVMApp.swift in Sources */,
				808784D32B3170F500A78D17 /* RickAndMortyDataSource.swift in Sources */,
				808784D52B31712300A78D17 /* RickAndMortyAPIRepository.swift in Sources */,
				808784D72B3171AD00A78D17 /* RickAndMortyRepository.swift in Sources */,
				808784D92B3171C400A78D17 /* RickAndMortyUsecase.swift in Sources */,
			);
			runOnlyForDeploymentPostprocessing = 0;
		};
/* End PBXSourcesBuildPhase section */

/* Begin XCBuildConfiguration section */
		808784C32B316F9100A78D17 /* Debug */ = {
			isa = XCBuildConfiguration;
			buildSettings = {
				ALWAYS_SEARCH_USER_PATHS = NO;
				ASSETCATALOG_COMPILER_GENERATE_SWIFT_ASSET_SYMBOL_EXTENSIONS = YES;
				CLANG_ANALYZER_NONNULL = YES;
				CLANG_ANALYZER_NUMBER_OBJECT_CONVERSION = YES_AGGRESSIVE;
				CLANG_CXX_LANGUAGE_STANDARD = "gnu++20";
				CLANG_ENABLE_MODULES = YES;
				CLANG_ENABLE_OBJC_ARC = YES;
				CLANG_ENABLE_OBJC_WEAK = YES;
				CLANG_WARN_BLOCK_CAPTURE_AUTORELEASING = YES;
				CLANG_WARN_BOOL_CONVERSION = YES;
				CLANG_WARN_COMMA = YES;
				CLANG_WARN_CONSTANT_CONVERSION = YES;
				CLANG_WARN_DEPRECATED_OBJC_IMPLEMENTATIONS = YES;
				CLANG_WARN_DIRECT_OBJC_ISA_USAGE = YES_ERROR;
				CLANG_WARN_DOCUMENTATION_COMMENTS = YES;
				CLANG_WARN_EMPTY_BODY = YES;
				CLANG_WARN_ENUM_CONVERSION = YES;
				CLANG_WARN_INFINITE_RECURSION = YES;
				CLANG_WARN_INT_CONVERSION = YES;
				CLANG_WARN_NON_LITERAL_NULL_CONVERSION = YES;
				CLANG_WARN_OBJC_IMPLICIT_RETAIN_SELF = YES;
				CLANG_WARN_OBJC_LITERAL_CONVERSION = YES;
				CLANG_WARN_OBJC_ROOT_CLASS = YES_ERROR;
				CLANG_WARN_QUOTED_INCLUDE_IN_FRAMEWORK_HEADER = YES;
				CLANG_WARN_RANGE_LOOP_ANALYSIS = YES;
				CLANG_WARN_STRICT_PROTOTYPES = YES;
				CLANG_WARN_SUSPICIOUS_MOVE = YES;
				CLANG_WARN_UNGUARDED_AVAILABILITY = YES_AGGRESSIVE;
				CLANG_WARN_UNREACHABLE_CODE = YES;
				CLANG_WARN__DUPLICATE_METHOD_MATCH = YES;
				COPY_PHASE_STRIP = NO;
				DEBUG_INFORMATION_FORMAT = dwarf;
				ENABLE_STRICT_OBJC_MSGSEND = YES;
				ENABLE_TESTABILITY = YES;
				ENABLE_USER_SCRIPT_SANDBOXING = YES;
				GCC_C_LANGUAGE_STANDARD = gnu17;
				GCC_DYNAMIC_NO_PIC = NO;
				GCC_NO_COMMON_BLOCKS = YES;
				GCC_OPTIMIZATION_LEVEL = 0;
				GCC_PREPROCESSOR_DEFINITIONS = (
					"DEBUG=1",
					"$(inherited)",
				);
				GCC_WARN_64_TO_32_BIT_CONVERSION = YES;
				GCC_WARN_ABOUT_RETURN_TYPE = YES_ERROR;
				GCC_WARN_UNDECLARED_SELECTOR = YES;
				GCC_WARN_UNINITIALIZED_AUTOS = YES_AGGRESSIVE;
				GCC_WARN_UNUSED_FUNCTION = YES;
				GCC_WARN_UNUSED_VARIABLE = YES;
				IPHONEOS_DEPLOYMENT_TARGET = 17.0;
				LOCALIZATION_PREFERS_STRING_CATALOGS = YES;
				MTL_ENABLE_DEBUG_INFO = INCLUDE_SOURCE;
				MTL_FAST_MATH = YES;
				ONLY_ACTIVE_ARCH = YES;
				SDKROOT = iphoneos;
				SWIFT_ACTIVE_COMPILATION_CONDITIONS = "DEBUG $(inherited)";
				SWIFT_OPTIMIZATION_LEVEL = "-Onone";
			};
			name = Debug;
		};
		808784C42B316F9100A78D17 /* Release */ = {
			isa = XCBuildConfiguration;
			buildSettings = {
				ALWAYS_SEARCH_USER_PATHS = NO;
				ASSETCATALOG_COMPILER_GENERATE_SWIFT_ASSET_SYMBOL_EXTENSIONS = YES;
				CLANG_ANALYZER_NONNULL = YES;
				CLANG_ANALYZER_NUMBER_OBJECT_CONVERSION = YES_AGGRESSIVE;
				CLANG_CXX_LANGUAGE_STANDARD = "gnu++20";
				CLANG_ENABLE_MODULES = YES;
				CLANG_ENABLE_OBJC_ARC = YES;
				CLANG_ENABLE_OBJC_WEAK = YES;
				CLANG_WARN_BLOCK_CAPTURE_AUTORELEASING = YES;
				CLANG_WARN_BOOL_CONVERSION = YES;
				CLANG_WARN_COMMA = YES;
				CLANG_WARN_CONSTANT_CONVERSION = YES;
				CLANG_WARN_DEPRECATED_OBJC_IMPLEMENTATIONS = YES;
				CLANG_WARN_DIRECT_OBJC_ISA_USAGE = YES_ERROR;
				CLANG_WARN_DOCUMENTATION_COMMENTS = YES;
				CLANG_WARN_EMPTY_BODY = YES;
				CLANG_WARN_ENUM_CONVERSION = YES;
				CLANG_WARN_INFINITE_RECURSION = YES;
				CLANG_WARN_INT_CONVERSION = YES;
				CLANG_WARN_NON_LITERAL_NULL_CONVERSION = YES;
				CLANG_WARN_OBJC_IMPLICIT_RETAIN_SELF = YES;
				CLANG_WARN_OBJC_LITERAL_CONVERSION = YES;
				CLANG_WARN_OBJC_ROOT_CLASS = YES_ERROR;
				CLANG_WARN_QUOTED_INCLUDE_IN_FRAMEWORK_HEADER = YES;
				CLANG_WARN_RANGE_LOOP_ANALYSIS = YES;
				CLANG_WARN_STRICT_PROTOTYPES = YES;
				CLANG_WARN_SUSPICIOUS_MOVE = YES;
				CLANG_WARN_UNGUARDED_AVAILABILITY = YES_AGGRESSIVE;
				CLANG_WARN_UNREACHABLE_CODE = YES;
				CLANG_WARN__DUPLICATE_METHOD_MATCH = YES;
				COPY_PHASE_STRIP = NO;
				DEBUG_INFORMATION_FORMAT = "dwarf-with-dsym";
				ENABLE_NS_ASSERTIONS = NO;
				ENABLE_STRICT_OBJC_MSGSEND = YES;
				ENABLE_USER_SCRIPT_SANDBOXING = YES;
				GCC_C_LANGUAGE_STANDARD = gnu17;
				GCC_NO_COMMON_BLOCKS = YES;
				GCC_WARN_64_TO_32_BIT_CONVERSION = YES;
				GCC_WARN_ABOUT_RETURN_TYPE = YES_ERROR;
				GCC_WARN_UNDECLARED_SELECTOR = YES;
				GCC_WARN_UNINITIALIZED_AUTOS = YES_AGGRESSIVE;
				GCC_WARN_UNUSED_FUNCTION = YES;
				GCC_WARN_UNUSED_VARIABLE = YES;
				IPHONEOS_DEPLOYMENT_TARGET = 17.0;
				LOCALIZATION_PREFERS_STRING_CATALOGS = YES;
				MTL_ENABLE_DEBUG_INFO = NO;
				MTL_FAST_MATH = YES;
				SDKROOT = iphoneos;
				SWIFT_COMPILATION_MODE = wholemodule;
				VALIDATE_PRODUCT = YES;
			};
			name = Release;
		};
		808784C62B316F9100A78D17 /* Debug */ = {
			isa = XCBuildConfiguration;
			buildSettings = {
				ASSETCATALOG_COMPILER_APPICON_NAME = AppIcon;
				ASSETCATALOG_COMPILER_GLOBAL_ACCENT_COLOR_NAME = AccentColor;
				CODE_SIGN_STYLE = Automatic;
				CURRENT_PROJECT_VERSION = 1;
				DEVELOPMENT_ASSET_PATHS = "\"RickAndMortyCleanArchMVVM/Preview Content\"";
				ENABLE_PREVIEWS = YES;
				GENERATE_INFOPLIST_FILE = YES;
				INFOPLIST_KEY_UIApplicationSceneManifest_Generation = YES;
				INFOPLIST_KEY_UIApplicationSupportsIndirectInputEvents = YES;
				INFOPLIST_KEY_UILaunchScreen_Generation = YES;
				INFOPLIST_KEY_UISupportedInterfaceOrientations_iPad = "UIInterfaceOrientationPortrait UIInterfaceOrientationPortraitUpsideDown UIInterfaceOrientationLandscapeLeft UIInterfaceOrientationLandscapeRight";
				INFOPLIST_KEY_UISupportedInterfaceOrientations_iPhone = "UIInterfaceOrientationPortrait UIInterfaceOrientationLandscapeLeft UIInterfaceOrientationLandscapeRight";
				LD_RUNPATH_SEARCH_PATHS = (
					"$(inherited)",
					"@executable_path/Frameworks",
				);
				MARKETING_VERSION = 1.0;
				PRODUCT_BUNDLE_IDENTIFIER = com.madeean.RickAndMortyCleanArchMVVM;
				PRODUCT_NAME = "$(TARGET_NAME)";
				SWIFT_EMIT_LOC_STRINGS = YES;
				SWIFT_VERSION = 5.0;
				TARGETED_DEVICE_FAMILY = "1,2";
			};
			name = Debug;
		};
		808784C72B316F9100A78D17 /* Release */ = {
			isa = XCBuildConfiguration;
			buildSettings = {
				ASSETCATALOG_COMPILER_APPICON_NAME = AppIcon;
				ASSETCATALOG_COMPILER_GLOBAL_ACCENT_COLOR_NAME = AccentColor;
				CODE_SIGN_STYLE = Automatic;
				CURRENT_PROJECT_VERSION = 1;
				DEVELOPMENT_ASSET_PATHS = "\"RickAndMortyCleanArchMVVM/Preview Content\"";
				ENABLE_PREVIEWS = YES;
				GENERATE_INFOPLIST_FILE = YES;
				INFOPLIST_KEY_UIApplicationSceneManifest_Generation = YES;
				INFOPLIST_KEY_UIApplicationSupportsIndirectInputEvents = YES;
				INFOPLIST_KEY_UILaunchScreen_Generation = YES;
				INFOPLIST_KEY_UISupportedInterfaceOrientations_iPad = "UIInterfaceOrientationPortrait UIInterfaceOrientationPortraitUpsideDown UIInterfaceOrientationLandscapeLeft UIInterfaceOrientationLandscapeRight";
				INFOPLIST_KEY_UISupportedInterfaceOrientations_iPhone = "UIInterfaceOrientationPortrait UIInterfaceOrientationLandscapeLeft UIInterfaceOrientationLandscapeRight";
				LD_RUNPATH_SEARCH_PATHS = (
					"$(inherited)",
					"@executable_path/Frameworks",
				);
				MARKETING_VERSION = 1.0;
				PRODUCT_BUNDLE_IDENTIFIER = com.madeean.RickAndMortyCleanArchMVVM;
				PRODUCT_NAME = "$(TARGET_NAME)";
				SWIFT_EMIT_LOC_STRINGS = YES;
				SWIFT_VERSION = 5.0;
				TARGETED_DEVICE_FAMILY = "1,2";
			};
			name = Release;
		};
/* End XCBuildConfiguration section */

/* Begin XCConfigurationList section */
		808784B22B316F9000A78D17 /* Build configuration list for PBXProject "RickAndMortyCleanArchMVVM" */ = {
			isa = XCConfigurationList;
			buildConfigurations = (
				808784C32B316F9100A78D17 /* Debug */,
				808784C42B316F9100A78D17 /* Release */,
			);
			defaultConfigurationIsVisible = 0;
			defaultConfigurationName = Release;
		};
		808784C52B316F9100A78D17 /* Build configuration list for PBXNativeTarget "RickAndMortyCleanArchMVVM" */ = {
			isa = XCConfigurationList;
			buildConfigurations = (
				808784C62B316F9100A78D17 /* Debug */,
				808784C72B316F9100A78D17 /* Release */,
			);
			defaultConfigurationIsVisible = 0;
			defaultConfigurationName = Release;
		};
/* End XCConfigurationList section */

/* Begin XCRemoteSwiftPackageReference section */
		80650ED72B31952500B09E3B /* XCRemoteSwiftPackageReference "SDWebImageSwiftUI" */ = {
			isa = XCRemoteSwiftPackageReference;
			repositoryURL = "https://github.com/SDWebImage/SDWebImageSwiftUI.git";
			requirement = {
				kind = upToNextMajorVersion;
				minimumVersion = 2.2.6;
			};
		};
/* End XCRemoteSwiftPackageReference section */

/* Begin XCSwiftPackageProductDependency section */
		80650ED82B31952500B09E3B /* SDWebImageSwiftUI */ = {
			isa = XCSwiftPackageProductDependency;
			package = 80650ED72B31952500B09E3B /* XCRemoteSwiftPackageReference "SDWebImageSwiftUI" */;
			productName = SDWebImageSwiftUI;
		};
/* End XCSwiftPackageProductDependency section */
	};
	rootObject = 808784AF2B316F9000A78D17 /* Project object */;
}
